PODS:
  - AashuDubeyCapacitorStatusbarSafeArea (3.0.0):
    - Capacitor
  - Capacitor (6.2.0):
    - CapacitorCordova
  - CapacitorApp (6.0.2):
    - Capacitor
  - CapacitorClipboard (6.0.2):
    - Capacitor
  - CapacitorCommunityInAppReview (6.0.0):
    - Capacitor
  - CapacitorCordova (6.2.0)
  - CapacitorDevice (6.0.2):
    - Capacitor
  - CapacitorDialog (6.0.2):
    - Capacitor
  - CapacitorKeyboard (6.0.3):
    - Capacitor
  - CapacitorLocalNotifications (6.1.1):
    - Capacitor
  - CapacitorNativeSettings (6.0.5):
    - Capacitor
  - CapacitorPreferences (6.0.3):
    - Capacitor
  - CapacitorPushNotifications (6.0.3):
    - Capacitor
  - CapacitorScreenOrientation (6.0.3):
    - Capacitor
  - CapacitorShare (6.0.3):
    - Capacitor
  - CapacitorStatusBar (6.0.2):
    - Capacitor
  - CapacitorToast (6.0.3):
    - Capacitor
  - CapawesomeCapacitorAppUpdate (6.1.0):
    - Capacitor
  - CapawesomeTeamCapacitorDatetimePicker (6.0.0):
    - Capacitor
  - CapgoInappbrowser (6.9.18):
    - Capacitor
  - PurchasesHybridCommon (10.8.0):
    - RevenueCat (= 4.42.0)
  - RevenueCat (4.42.0)
  - RevenuecatPurchasesCapacitor (8.0.0-beta.4):
    - Capacitor
    - PurchasesHybridCommon (= 10.8.0)

DEPENDENCIES:
  - "AashuDubeyCapacitorStatusbarSafeArea (from `../../node_modules/.pnpm/@aashu-dubey+capacitor-statusbar-safe-area@3.0.0_@capacitor+core@6.2.0/node_modules/@aashu-dubey/capacitor-statusbar-safe-area`)"
  - "Capacitor (from `../../node_modules/.pnpm/@capacitor+ios@6.2.0_@capacitor+core@6.2.0/node_modules/@capacitor/ios`)"
  - "CapacitorApp (from `../../node_modules/.pnpm/@capacitor+app@6.0.2_@capacitor+core@6.2.0/node_modules/@capacitor/app`)"
  - "CapacitorClipboard (from `../../node_modules/.pnpm/@capacitor+clipboard@6.0.2_@capacitor+core@6.2.0/node_modules/@capacitor/clipboard`)"
  - "CapacitorCommunityInAppReview (from `../../node_modules/.pnpm/@capacitor-community+in-app-review@6.0.0_@capacitor+core@6.2.0/node_modules/@capacitor-community/in-app-review`)"
  - "CapacitorCordova (from `../../node_modules/.pnpm/@capacitor+ios@6.2.0_@capacitor+core@6.2.0/node_modules/@capacitor/ios`)"
  - "CapacitorDevice (from `../../node_modules/.pnpm/@capacitor+device@6.0.2_@capacitor+core@6.2.0/node_modules/@capacitor/device`)"
  - "CapacitorDialog (from `../../node_modules/.pnpm/@capacitor+dialog@6.0.2_@capacitor+core@6.2.0/node_modules/@capacitor/dialog`)"
  - "CapacitorKeyboard (from `../../node_modules/.pnpm/@capacitor+keyboard@6.0.3_@capacitor+core@6.2.0/node_modules/@capacitor/keyboard`)"
  - "CapacitorLocalNotifications (from `../../node_modules/.pnpm/@capacitor+local-notifications@6.1.1_@capacitor+core@6.2.0/node_modules/@capacitor/local-notifications`)"
  - "CapacitorNativeSettings (from `../../node_modules/.pnpm/capacitor-native-settings@6.0.5_@capacitor+core@6.2.0/node_modules/capacitor-native-settings`)"
  - "CapacitorPreferences (from `../../node_modules/.pnpm/@capacitor+preferences@6.0.3_@capacitor+core@6.2.0/node_modules/@capacitor/preferences`)"
  - "CapacitorPushNotifications (from `../../node_modules/.pnpm/@capacitor+push-notifications@6.0.3_@capacitor+core@6.2.0/node_modules/@capacitor/push-notifications`)"
  - "CapacitorScreenOrientation (from `../../node_modules/.pnpm/@capacitor+screen-orientation@6.0.3_@capacitor+core@6.2.0/node_modules/@capacitor/screen-orientation`)"
  - "CapacitorShare (from `../../node_modules/.pnpm/@capacitor+share@6.0.3_@capacitor+core@6.2.0/node_modules/@capacitor/share`)"
  - "CapacitorStatusBar (from `../../node_modules/.pnpm/@capacitor+status-bar@6.0.2_@capacitor+core@6.2.0/node_modules/@capacitor/status-bar`)"
  - "CapacitorToast (from `../../node_modules/.pnpm/@capacitor+toast@6.0.3_@capacitor+core@6.2.0/node_modules/@capacitor/toast`)"
  - "CapawesomeCapacitorAppUpdate (from `../../node_modules/.pnpm/@capawesome+capacitor-app-update@6.1.0_@capacitor+core@6.2.0/node_modules/@capawesome/capacitor-app-update`)"
  - "CapawesomeTeamCapacitorDatetimePicker (from `../../node_modules/.pnpm/@capawesome-team+capacitor-datetime-picker@6.0.0_@capacitor+core@6.2.0/node_modules/@capawesome-team/capacitor-datetime-picker`)"
  - "CapgoInappbrowser (from `../../node_modules/.pnpm/@capgo+inappbrowser@6.9.18_@capacitor+core@6.2.0/node_modules/@capgo/inappbrowser`)"
  - "RevenuecatPurchasesCapacitor (from `../../node_modules/.pnpm/@revenuecat+purchases-capacitor@8.0.0-beta.4_@capacitor+core@6.2.0/node_modules/@revenuecat/purchases-capacitor`)"

SPEC REPOS:
  trunk:
    - PurchasesHybridCommon
    - RevenueCat

EXTERNAL SOURCES:
  AashuDubeyCapacitorStatusbarSafeArea:
    :path: "../../node_modules/.pnpm/@aashu-dubey+capacitor-statusbar-safe-area@3.0.0_@capacitor+core@6.2.0/node_modules/@aashu-dubey/capacitor-statusbar-safe-area"
  Capacitor:
    :path: "../../node_modules/.pnpm/@capacitor+ios@6.2.0_@capacitor+core@6.2.0/node_modules/@capacitor/ios"
  CapacitorApp:
    :path: "../../node_modules/.pnpm/@capacitor+app@6.0.2_@capacitor+core@6.2.0/node_modules/@capacitor/app"
  CapacitorClipboard:
    :path: "../../node_modules/.pnpm/@capacitor+clipboard@6.0.2_@capacitor+core@6.2.0/node_modules/@capacitor/clipboard"
  CapacitorCommunityInAppReview:
    :path: "../../node_modules/.pnpm/@capacitor-community+in-app-review@6.0.0_@capacitor+core@6.2.0/node_modules/@capacitor-community/in-app-review"
  CapacitorCordova:
    :path: "../../node_modules/.pnpm/@capacitor+ios@6.2.0_@capacitor+core@6.2.0/node_modules/@capacitor/ios"
  CapacitorDevice:
    :path: "../../node_modules/.pnpm/@capacitor+device@6.0.2_@capacitor+core@6.2.0/node_modules/@capacitor/device"
  CapacitorDialog:
    :path: "../../node_modules/.pnpm/@capacitor+dialog@6.0.2_@capacitor+core@6.2.0/node_modules/@capacitor/dialog"
  CapacitorKeyboard:
    :path: "../../node_modules/.pnpm/@capacitor+keyboard@6.0.3_@capacitor+core@6.2.0/node_modules/@capacitor/keyboard"
  CapacitorLocalNotifications:
    :path: "../../node_modules/.pnpm/@capacitor+local-notifications@6.1.1_@capacitor+core@6.2.0/node_modules/@capacitor/local-notifications"
  CapacitorNativeSettings:
    :path: "../../node_modules/.pnpm/capacitor-native-settings@6.0.5_@capacitor+core@6.2.0/node_modules/capacitor-native-settings"
  CapacitorPreferences:
    :path: "../../node_modules/.pnpm/@capacitor+preferences@6.0.3_@capacitor+core@6.2.0/node_modules/@capacitor/preferences"
  CapacitorPushNotifications:
    :path: "../../node_modules/.pnpm/@capacitor+push-notifications@6.0.3_@capacitor+core@6.2.0/node_modules/@capacitor/push-notifications"
  CapacitorScreenOrientation:
    :path: "../../node_modules/.pnpm/@capacitor+screen-orientation@6.0.3_@capacitor+core@6.2.0/node_modules/@capacitor/screen-orientation"
  CapacitorShare:
    :path: "../../node_modules/.pnpm/@capacitor+share@6.0.3_@capacitor+core@6.2.0/node_modules/@capacitor/share"
  CapacitorStatusBar:
    :path: "../../node_modules/.pnpm/@capacitor+status-bar@6.0.2_@capacitor+core@6.2.0/node_modules/@capacitor/status-bar"
  CapacitorToast:
    :path: "../../node_modules/.pnpm/@capacitor+toast@6.0.3_@capacitor+core@6.2.0/node_modules/@capacitor/toast"
  CapawesomeCapacitorAppUpdate:
    :path: "../../node_modules/.pnpm/@capawesome+capacitor-app-update@6.1.0_@capacitor+core@6.2.0/node_modules/@capawesome/capacitor-app-update"
  CapawesomeTeamCapacitorDatetimePicker:
    :path: "../../node_modules/.pnpm/@capawesome-team+capacitor-datetime-picker@6.0.0_@capacitor+core@6.2.0/node_modules/@capawesome-team/capacitor-datetime-picker"
  CapgoInappbrowser:
    :path: "../../node_modules/.pnpm/@capgo+inappbrowser@6.9.18_@capacitor+core@6.2.0/node_modules/@capgo/inappbrowser"
  RevenuecatPurchasesCapacitor:
    :path: "../../node_modules/.pnpm/@revenuecat+purchases-capacitor@8.0.0-beta.4_@capacitor+core@6.2.0/node_modules/@revenuecat/purchases-capacitor"

SPEC CHECKSUMS:
  AashuDubeyCapacitorStatusbarSafeArea: a33a5d9dd9f08c0aa68e7ee6c261767c67694a9a
  Capacitor: 05d35014f4425b0740fc8776481f6a369ad071bf
  CapacitorApp: e1e6b7d05e444d593ca16fd6d76f2b7c48b5aea7
  CapacitorClipboard: 4443c3cdb7c77b1533dfe3ff0f9f7756aa8579df
  CapacitorCommunityInAppReview: e5c93959637a956ce993134734d7df90390ea167
  CapacitorCordova: b33e7f4aa4ed105dd43283acdd940964374a87d9
  CapacitorDevice: 9efd479d71d1baad74b75df531184c3f730eaa48
  CapacitorDialog: 25878ac91f5ffaca62ce78884b6e1473e75596e1
  CapacitorKeyboard: e89189ad398b815b6ff7e52271f0fb4f911a0a0a
  CapacitorLocalNotifications: cd2aca61d90f278562f3afe921964232046911b8
  CapacitorNativeSettings: 921a1014b6d20ec05280cde0a083a31cca0cefd3
  CapacitorPreferences: f3eadae2369ac3ab8e21743a2959145b0d1286a3
  CapacitorPushNotifications: 9b178e010634d2f7bfca97b81478503463f86b6c
  CapacitorScreenOrientation: fa1032f30ed22ec9083973b8f584ea94f4fe45c6
  CapacitorShare: d2a742baec21c8f3b92b361a2fbd2401cdd8288e
  CapacitorStatusBar: b16799a26320ffa52f6c8b01737d5a95bbb8f3eb
  CapacitorToast: 325d1815e2c2b556257909df7ef1e25eb96cd0c5
  CapawesomeCapacitorAppUpdate: 385ad62a9f529cdedaca5df3599b9b7f6d03e880
  CapawesomeTeamCapacitorDatetimePicker: 833341abe71c6ca84ab8f47bedccafb8f48200bd
  CapgoInappbrowser: 83f0ddd9f1cc4e76a4d9802e32969766e6fb4442
  PurchasesHybridCommon: dff07d838f74ac859a6ce20f0fbee527ba61e035
  RevenueCat: 39f2fbf5eda66f0f87bb72329406f45488f6916e
  RevenuecatPurchasesCapacitor: 11db19841b77f02d95d8d88544da09803ad70604

PODFILE CHECKSUM: 6c0330861231a0af56d352e417ad0ad5212dd87b

COCOAPODS: 1.16.2
