PODS:
  - Capacitor (5.3.0):
    - CapacitorCordova
  - CapacitorApp (5.0.6):
    - Capacitor
  - CapacitorClipboard (5.0.6):
    - Capacitor
  - CapacitorCordova (5.3.0)
  - CapacitorDevice (5.0.6):
    - Capacitor
  - CapacitorDialog (5.0.6):
    - Capacitor
  - CapacitorLocalNotifications (5.0.6):
    - Capacitor
  - CapacitorPreferences (5.0.6):
    - Capacitor
  - CapacitorPushNotifications (5.0.6):
    - Capacitor
  - CapacitorScreenOrientation (5.0.6):
    - Capacitor
  - CapacitorShare (5.0.6):
    - Capacitor
  - CapacitorToast (5.0.6):
    - Capacitor
  - CapawesomeTeamCapacitorDatetimePicker (5.1.0):
    - Capacitor
  - CordovaPlugins (5.3.0):
    - CapacitorCordova
  - PurchasesHybridCommon (6.1.0):
    - RevenueCat (= 4.25.7)
  - RevenueCat (4.25.7)
  - RevenuecatPurchasesCapacitor (6.0.0-beta.1):
    - Capacitor
    - PurchasesHybridCommon (= 6.1.0)

DEPENDENCIES:
  - "Capacitor (from `../../node_modules/.pnpm/@capacitor+ios@5.3.0_@capacitor+core@5.3.0/node_modules/@capacitor/ios`)"
  - "CapacitorApp (from `../../node_modules/.pnpm/@capacitor+app@5.0.6_@capacitor+core@5.3.0/node_modules/@capacitor/app`)"
  - "CapacitorClipboard (from `../../node_modules/.pnpm/@capacitor+clipboard@5.0.6_@capacitor+core@5.3.0/node_modules/@capacitor/clipboard`)"
  - "CapacitorCordova (from `../../node_modules/.pnpm/@capacitor+ios@5.3.0_@capacitor+core@5.3.0/node_modules/@capacitor/ios`)"
  - "CapacitorDevice (from `../../node_modules/.pnpm/@capacitor+device@5.0.6_@capacitor+core@5.3.0/node_modules/@capacitor/device`)"
  - "CapacitorDialog (from `../../node_modules/.pnpm/@capacitor+dialog@5.0.6_@capacitor+core@5.3.0/node_modules/@capacitor/dialog`)"
  - "CapacitorLocalNotifications (from `../../node_modules/.pnpm/@capacitor+local-notifications@5.0.6_@capacitor+core@5.3.0/node_modules/@capacitor/local-notifications`)"
  - "CapacitorPreferences (from `../../node_modules/.pnpm/@capacitor+preferences@5.0.6_@capacitor+core@5.3.0/node_modules/@capacitor/preferences`)"
  - "CapacitorPushNotifications (from `../../node_modules/.pnpm/@capacitor+push-notifications@5.0.6_@capacitor+core@5.3.0/node_modules/@capacitor/push-notifications`)"
  - "CapacitorScreenOrientation (from `../../node_modules/.pnpm/@capacitor+screen-orientation@5.0.6_@capacitor+core@5.3.0/node_modules/@capacitor/screen-orientation`)"
  - "CapacitorShare (from `../../node_modules/.pnpm/@capacitor+share@5.0.6_@capacitor+core@5.3.0/node_modules/@capacitor/share`)"
  - "CapacitorToast (from `../../node_modules/.pnpm/@capacitor+toast@5.0.6_@capacitor+core@5.3.0/node_modules/@capacitor/toast`)"
  - "CapawesomeTeamCapacitorDatetimePicker (from `../../node_modules/.pnpm/@capawesome-team+capacitor-datetime-picker@5.1.0_@capacitor+core@5.3.0/node_modules/@capawesome-team/capacitor-datetime-picker`)"
  - CordovaPlugins (from `../capacitor-cordova-ios-plugins`)
  - "RevenuecatPurchasesCapacitor (from `../../node_modules/.pnpm/@revenuecat+purchases-capacitor@6.0.0-beta.1_@capacitor+core@5.3.0/node_modules/@revenuecat/purchases-capacitor`)"

SPEC REPOS:
  trunk:
    - PurchasesHybridCommon
    - RevenueCat

EXTERNAL SOURCES:
  Capacitor:
    :path: "../../node_modules/.pnpm/@capacitor+ios@5.3.0_@capacitor+core@5.3.0/node_modules/@capacitor/ios"
  CapacitorApp:
    :path: "../../node_modules/.pnpm/@capacitor+app@5.0.6_@capacitor+core@5.3.0/node_modules/@capacitor/app"
  CapacitorClipboard:
    :path: "../../node_modules/.pnpm/@capacitor+clipboard@5.0.6_@capacitor+core@5.3.0/node_modules/@capacitor/clipboard"
  CapacitorCordova:
    :path: "../../node_modules/.pnpm/@capacitor+ios@5.3.0_@capacitor+core@5.3.0/node_modules/@capacitor/ios"
  CapacitorDevice:
    :path: "../../node_modules/.pnpm/@capacitor+device@5.0.6_@capacitor+core@5.3.0/node_modules/@capacitor/device"
  CapacitorDialog:
    :path: "../../node_modules/.pnpm/@capacitor+dialog@5.0.6_@capacitor+core@5.3.0/node_modules/@capacitor/dialog"
  CapacitorLocalNotifications:
    :path: "../../node_modules/.pnpm/@capacitor+local-notifications@5.0.6_@capacitor+core@5.3.0/node_modules/@capacitor/local-notifications"
  CapacitorPreferences:
    :path: "../../node_modules/.pnpm/@capacitor+preferences@5.0.6_@capacitor+core@5.3.0/node_modules/@capacitor/preferences"
  CapacitorPushNotifications:
    :path: "../../node_modules/.pnpm/@capacitor+push-notifications@5.0.6_@capacitor+core@5.3.0/node_modules/@capacitor/push-notifications"
  CapacitorScreenOrientation:
    :path: "../../node_modules/.pnpm/@capacitor+screen-orientation@5.0.6_@capacitor+core@5.3.0/node_modules/@capacitor/screen-orientation"
  CapacitorShare:
    :path: "../../node_modules/.pnpm/@capacitor+share@5.0.6_@capacitor+core@5.3.0/node_modules/@capacitor/share"
  CapacitorToast:
    :path: "../../node_modules/.pnpm/@capacitor+toast@5.0.6_@capacitor+core@5.3.0/node_modules/@capacitor/toast"
  CapawesomeTeamCapacitorDatetimePicker:
    :path: "../../node_modules/.pnpm/@capawesome-team+capacitor-datetime-picker@5.1.0_@capacitor+core@5.3.0/node_modules/@capawesome-team/capacitor-datetime-picker"
  CordovaPlugins:
    :path: "../capacitor-cordova-ios-plugins"
  RevenuecatPurchasesCapacitor:
    :path: "../../node_modules/.pnpm/@revenuecat+purchases-capacitor@6.0.0-beta.1_@capacitor+core@5.3.0/node_modules/@revenuecat/purchases-capacitor"

SPEC CHECKSUMS:
  Capacitor: 1ac9165943bc4f2137642d218c5ba05df811de69
  CapacitorApp: 024e1b1bea5f883d79f6330d309bc441c88ad04a
  CapacitorClipboard: 77edf49827ea21da2a9c05c690a4a6a4d07199c4
  CapacitorCordova: b9374d68e63ce29e96ab5db994cf14fbefd722c9
  CapacitorDevice: 2c968f98a1ec4d22357418c1521e7ddc46c675e6
  CapacitorDialog: 0f3c15dfe9414b83bc64aef4078f1b92bcfead26
  CapacitorLocalNotifications: c2d8b14794064fd4814b1d6c4ddbac8029afa295
  CapacitorPreferences: f03954bcb0ff09c792909e46bff88e3183c16b10
  CapacitorPushNotifications: 7eb70469f1fcc3dec07126336d4896520e4991db
  CapacitorScreenOrientation: e5ef438489815d05340f1b51a2b1794108dc0ac3
  CapacitorShare: cd41743331cb71d217c029de54b681cbd91e0fcc
  CapacitorToast: bb0d79b78d9c27c0199b57f735dd50b8fc363489
  CapawesomeTeamCapacitorDatetimePicker: 186268f173454c636d90dbad55047b45405b20e2
  CordovaPlugins: 8ff2caec60f5f5400cc9cf86eafd95677f422538
  PurchasesHybridCommon: 195de137f1993af1a034099773eed15bf771b1d4
  RevenueCat: a70e08e45bd96bea5187dbd7b18f5f1db39646be
  RevenuecatPurchasesCapacitor: 3ca960db419048d66daa39e6ce2f3fa233ad0b0d

PODFILE CHECKSUM: f1e05d84c4a3f5ff2fdac650cfb7cd2f222709d2

COCOAPODS: 1.12.1
